{
    "_readme": [
        "This file locks the dependencies of your project to a known state",
        "Read more about it at https://getcomposer.org/doc/01-basic-usage.md#composer-lock-the-lock-file",
        "This file is @generated automatically"
    ],
    "hash": "32a7e2619c060e5754594e05c731c6bc",
    "content-hash": "83a8364137ee32c91382508f8320726f",
    "packages": [
        {
            "name": "amekusa/plz",
            "version": "0.9.0",
            "source": {
                "type": "git",
                "url": "https://github.com/amekusa/plz.git",
                "reference": "043c67bc8e9e159b0cc78259de9e74f7e9a0e5dc"
            },
            "dist": {
                "type": "zip",
                "url": "https://api.github.com/repos/amekusa/plz/zipball/043c67bc8e9e159b0cc78259de9e74f7e9a0e5dc",
                "reference": "043c67bc8e9e159b0cc78259de9e74f7e9a0e5dc",
                "shasum": ""
            },
            "require": {
                "php": ">=5.3.5"
            },
            "require-dev": {
                "apigen/apigen": "^4.1",
                "phpunit/phpunit": "5.0.*"
            },
            "type": "library",
            "autoload": {
                "psr-4": {
                    "amekusa\\plz\\": "src"
                }
            },
            "notification-url": "https://packagist.org/downloads/",
            "license": [
                "MIT"
            ],
            "authors": [
                {
                    "name": "amekusa",
                    "email": "post@amekusa.com",
                    "homepage": "https://github.com/amekusa",
                    "role": "Developer"
                }
            ],
            "description": "A handy PHP library for lazy programmers",
            "homepage": "http://amekusa.github.io/plz",
            "keywords": [
                "general",
                "lazy",
                "sugar",
                "syntax"
            ],
            "time": "2016-02-02 09:03:16"
        }
    ],
    "packages-dev": [],
    "aliases": [],
    "minimum-stability": "stable",
    "stability-flags": [],
    "prefer-stable": false,
    "prefer-lowest": false,
    "platform": [],
    "platform-dev": []
}
