{
    "_readme": [
        "This file locks the dependencies of your project to a known state",
        "Read more about it at https://getcomposer.org/doc/01-basic-usage.md#composer-lock-the-lock-file",
        "This file is @generated automatically"
    ],
    "hash": "714fbca129b645fc47ae6f8dec1221bb",
    "content-hash": "8a4f764d83ce96f1d409601167428bb8",
    "packages": [
        {
            "name": "amekusa/plz",
            "version": "0.8.0",
            "source": {
                "type": "git",
                "url": "https://github.com/amekusa/plz.git",
                "reference": "e8f887ac2c4d7ed99c95b5d58793ff5ae48f007a"
            },
            "dist": {
                "type": "zip",
                "url": "https://api.github.com/repos/amekusa/plz/zipball/e8f887ac2c4d7ed99c95b5d58793ff5ae48f007a",
                "reference": "e8f887ac2c4d7ed99c95b5d58793ff5ae48f007a",
                "shasum": ""
            },
            "require": {
                "php": ">=5.3.5"
            },
            "require-dev": {
                "apigen/apigen": "^4.1",
                "phpunit/phpunit": "5.0.*"
            },
            "type": "library",
            "autoload": {
                "psr-4": {
                    "amekusa\\plz\\": "src"
                }
            },
            "notification-url": "https://packagist.org/downloads/",
            "license": [
                "MIT"
            ],
            "authors": [
                {
                    "name": "amekusa",
                    "email": "post@amekusa.com",
                    "homepage": "https://github.com/amekusa",
                    "role": "Developer"
                }
            ],
            "description": "A handy PHP library for lazy programmers",
            "homepage": "http://amekusa.github.io/plz",
            "keywords": [
                "general",
                "lazy",
                "sugar",
                "syntax"
            ],
            "time": "2016-01-07 08:49:10"
        }
    ],
    "packages-dev": [],
    "aliases": [],
    "minimum-stability": "stable",
    "stability-flags": [],
    "prefer-stable": false,
    "prefer-lowest": false,
    "platform": [],
    "platform-dev": []
}
